{
  "name": "script_run",
  "lockfileVersion": 3,
  "requires": true,
  "packages": {
    "": {
      "dependencies": {
        "@flashbots/ethers-provider-bundle": "^1.0.0",
        "dotenv": "^16.4.5"
      }
    },
    "node_modules/@flashbots/ethers-provider-bundle": {
      "version": "1.0.0",
      "resolved": "https://registry.npmjs.org/@flashbots/ethers-provider-bundle/-/ethers-provider-bundle-1.0.0.tgz",
      "integrity": "sha512-KXOSA2RFFq91KN7H6nskbBaV+yd3QKI9jj8r1CEsD00sXBV3uSoQ3wG6u7qkjxp2EfvWy31pynWfZZVoWyNQ3Q==",
      "peerDependencies": {
        "ethers": "6.7.1"
      }
    },
    "node_modules/dotenv": {
      "version": "16.4.5",
      "resolved": "https://registry.npmjs.org/dotenv/-/dotenv-16.4.5.tgz",
      "integrity": "sha512-ZmdL2rui+eB2YwhsWzjInR8LldtZHGDoQ1ugH85ppHKwpUHL7j7rN0Ti9NCnGiQbhaZ11FpR+7ao1dNsmduNUg==",
      "engines": {
        "node": ">=12"
      },
      "funding": {
        "url": "https://dotenvx.com"
      }
    }
  }
}
